
Microsoft Visual Studio Solution File, Format Version 12.00
# Visual Studio Version 16
VisualStudioVersion = 16.0.31829.152
MinimumVisualStudioVersion = 10.0.40219.1
Project("{FAE04EC0-301F-11D3-BF4B-00C04F79EFBC}") = "FileBackup", "FileBackup\FileBackup.csproj", "{9E682012-2EB8-4DDE-A96C-53952684E1EF}"
EndProject
Global
	GlobalSection(SolutionConfigurationPlatforms) = preSolution
		Debug|Any CPU = Debug|Any CPU
		Release|Any CPU = Release|Any CPU
	EndGlobalSection
	GlobalSection(ProjectConfigurationPlatforms) = postSolution
		{9E682012-2EB8-4DDE-A96C-53952684E1EF}.Debug|Any CPU.ActiveCfg = Debug|Any CPU
		{9E682012-2EB8-4DDE-A96C-53952684E1EF}.Debug|Any CPU.Build.0 = Debug|Any CPU
		{9E682012-2EB8-4DDE-A96C-53952684E1EF}.Release|Any CPU.ActiveCfg = Release|Any CPU
		{9E682012-2EB8-4DDE-A96C-53952684E1EF}.Release|Any CPU.Build.0 = Release|Any CPU
	EndGlobalSection
	GlobalSection(SolutionProperties) = preSolution
		HideSolutionNode = FALSE
	EndGlobalSection
	GlobalSection(ExtensibilityGlobals) = postSolution
		SolutionGuid = {3955D690-388D-4373-84F0-99FC5D1FC280}
	EndGlobalSection
EndGlobal
